{
  "requires": true,
  "lockfileVersion": 1,
  "dependencies": {
    "ccxt": {
      "version": "1.49.5",
      "resolved": "https://registry.npmjs.org/ccxt/-/ccxt-1.49.5.tgz",
      "integrity": "sha512-Qk3CgGDfjKxDFftIxt1UGuxHisk+lVQgjNWa9od/a+xJTqEq4MYNJ23k5ryDtxFqpry7p+vmxK/oyUQKZ3UX4A=="
    }
  }
}
